// !$*UTF8*$!
{
	archiveVersion = 1;
	classes = {
	};
	objectVersion = 50;
	objects = {

/* Begin PBXBuildFile section */
		E067FB1025003F3400506E92 /* AppDelegate.swift in Sources */ = {isa = PBXBuildFile; fileRef = E067FB0F25003F3400506E92 /* AppDelegate.swift */; };
		E067FB1225003F3400506E92 /* SceneDelegate.swift in Sources */ = {isa = PBXBuildFile; fileRef = E067FB1125003F3400506E92 /* SceneDelegate.swift */; };
		E067FB1425003F3400506E92 /* ViewController.swift in Sources */ = {isa = PBXBuildFile; fileRef = E067FB1325003F3400506E92 /* ViewController.swift */; };
		E067FB1725003F3400506E92 /* Main.storyboard in Resources */ = {isa = PBXBuildFile; fileRef = E067FB1525003F3400506E92 /* Main.storyboard */; };
		E067FB1925003F3500506E92 /* Assets.xcassets in Resources */ = {isa = PBXBuildFile; fileRef = E067FB1825003F3500506E92 /* Assets.xcassets */; };
		E067FB1C25003F3500506E92 /* LaunchScreen.storyboard in Resources */ = {isa = PBXBuildFile; fileRef = E067FB1A25003F3500506E92 /* LaunchScreen.storyboard */; };
		E06E64302501673F009310D3 /* FilmTableViewCell.swift in Sources */ = {isa = PBXBuildFile; fileRef = E06E642F2501673F009310D3 /* FilmTableViewCell.swift */; };
		E06E6432250168DB009310D3 /* FilmTableViewController.swift in Sources */ = {isa = PBXBuildFile; fileRef = E06E6431250168DB009310D3 /* FilmTableViewController.swift */; };
		E06E64342501693E009310D3 /* File.swift in Sources */ = {isa = PBXBuildFile; fileRef = E06E64332501693E009310D3 /* File.swift */; };
/* End PBXBuildFile section */

/* Begin PBXFileReference section */
		E067FB0C25003F3400506E92 /* 9.2.app */ = {isa = PBXFileReference; explicitFileType = wrapper.application; includeInIndex = 0; path = 9.2.app; sourceTree = BUILT_PRODUCTS_DIR; };
		E067FB0F25003F3400506E92 /* AppDelegate.swift */ = {isa = PBXFileReference; lastKnownFileType = sourcecode.swift; path = AppDelegate.swift; sourceTree = "<group>"; };
		E067FB1125003F3400506E92 /* SceneDelegate.swift */ = {isa = PBXFileReference; lastKnownFileType = sourcecode.swift; path = SceneDelegate.swift; sourceTree = "<group>"; };
		E067FB1325003F3400506E92 /* ViewController.swift */ = {isa = PBXFileReference; lastKnownFileType = sourcecode.swift; path = ViewController.swift; sourceTree = "<group>"; };
		E067FB1625003F3400506E92 /* Base */ = {isa = PBXFileReference; lastKnownFileType = file.storyboard; name = Base; path = Base.lproj/Main.storyboard; sourceTree = "<group>"; };
		E067FB1825003F3500506E92 /* Assets.xcassets */ = {isa = PBXFileReference; lastKnownFileType = folder.assetcatalog; path = Assets.xcassets; sourceTree = "<group>"; };
		E067FB1B25003F3500506E92 /* Base */ = {isa = PBXFileReference; lastKnownFileType = file.storyboard; name = Base; path = Base.lproj/LaunchScreen.storyboard; sourceTree = "<group>"; };
		E067FB1D25003F3500506E92 /* Info.plist */ = {isa = PBXFileReference; lastKnownFileType = text.plist.xml; path = Info.plist; sourceTree = "<group>"; };
		E06E642F2501673F009310D3 /* FilmTableViewCell.swift */ = {isa = PBXFileReference; lastKnownFileType = sourcecode.swift; path = FilmTableViewCell.swift; sourceTree = "<group>"; };
		E06E6431250168DB009310D3 /* FilmTableViewController.swift */ = {isa = PBXFileReference; lastKnownFileType = sourcecode.swift; path = FilmTableViewController.swift; sourceTree = "<group>"; };
		E06E64332501693E009310D3 /* File.swift */ = {isa = PBXFileReference; lastKnownFileType = sourcecode.swift; path = File.swift; sourceTree = "<group>"; };
		E0966821250427A000CD6D64 /* Monoton-Regular.ttf */ = {isa = PBXFileReference; lastKnownFileType = file; path = "Monoton-Regular.ttf"; sourceTree = "<group>"; };
/* End PBXFileReference section */

/* Begin PBXFrameworksBuildPhase section */
		E067FB0925003F3400506E92 /* Frameworks */ = {
			isa = PBXFrameworksBuildPhase;
			buildActionMask = 2147483647;
			files = (
			);
			runOnlyForDeploymentPostprocessing = 0;
		};
/* End PBXFrameworksBuildPhase section */

/* Begin PBXGroup section */
		E067FB0325003F3400506E92 = {
			isa = PBXGroup;
			children = (
				E067FB0E25003F3400506E92 /* 9.2 */,
				E067FB0D25003F3400506E92 /* Products */,
			);
			sourceTree = "<group>";
		};
		E067FB0D25003F3400506E92 /* Products */ = {
			isa = PBXGroup;
			children = (
				E067FB0C25003F3400506E92 /* 9.2.app */,
			);
			name = Products;
			sourceTree = "<group>";
		};
		E067FB0E25003F3400506E92 /* 9.2 */ = {
			isa = PBXGroup;
			children = (
				E0966821250427A000CD6D64 /* Monoton-Regular.ttf */,
				E067FB0F25003F3400506E92 /* AppDelegate.swift */,
				E067FB1125003F3400506E92 /* SceneDelegate.swift */,
				E067FB1325003F3400506E92 /* ViewController.swift */,
				E06E642F2501673F009310D3 /* FilmTableViewCell.swift */,
				E06E6431250168DB009310D3 /* FilmTableViewController.swift */,
				E06E64332501693E009310D3 /* File.swift */,
				E067FB1525003F3400506E92 /* Main.storyboard */,
				E067FB1825003F3500506E92 /* Assets.xcassets */,
				E067FB1A25003F3500506E92 /* LaunchScreen.storyboard */,
				E067FB1D25003F3500506E92 /* Info.plist */,
			);
			path = 9.2;
			sourceTree = "<group>";
		};
/* End PBXGroup section */

/* Begin PBXNativeTarget section */
		E067FB0B25003F3400506E92 /* 9.2 */ = {
			isa = PBXNativeTarget;
			buildConfigurationList = E067FB2025003F3500506E92 /* Build configuration list for PBXNativeTarget "9.2" */;
			buildPhases = (
				E067FB0825003F3400506E92 /* Sources */,
				E067FB0925003F3400506E92 /* Frameworks */,
				E067FB0A25003F3400506E92 /* Resources */,
			);
			buildRules = (
			);
			dependencies = (
			);
			name = 9.2;
			productName = 9.2;
			productReference = E067FB0C25003F3400506E92 /* 9.2.app */;
			productType = "com.apple.product-type.application";
		};
/* End PBXNativeTarget section */

/* Begin PBXProject section */
		E067FB0425003F3400506E92 /* Project object */ = {
			isa = PBXProject;
			attributes = {
				LastSwiftUpdateCheck = 1160;
				LastUpgradeCheck = 1250;
				ORGANIZATIONNAME = "Elizabeth McLaughlin";
				TargetAttributes = {
					E067FB0B25003F3400506E92 = {
						CreatedOnToolsVersion = 11.6;
					};
				};
			};
			buildConfigurationList = E067FB0725003F3400506E92 /* Build configuration list for PBXProject "9.2" */;
			compatibilityVersion = "Xcode 9.3";
			developmentRegion = en;
			hasScannedForEncodings = 0;
			knownRegions = (
				en,
				Base,
			);
			mainGroup = E067FB0325003F3400506E92;
			productRefGroup = E067FB0D25003F3400506E92 /* Products */;
			projectDirPath = "";
			projectRoot = "";
			targets = (
				E067FB0B25003F3400506E92 /* 9.2 */,
			);
		};
/* End PBXProject section */

/* Begin PBXResourcesBuildPhase section */
		E067FB0A25003F3400506E92 /* Resources */ = {
			isa = PBXResourcesBuildPhase;
			buildActionMask = 2147483647;
			files = (
				E067FB1C25003F3500506E92 /* LaunchScreen.storyboard in Resources */,
				E067FB1925003F3500506E92 /* Assets.xcassets in Resources */,
				E067FB1725003F3400506E92 /* Main.storyboard in Resources */,
			);
			runOnlyForDeploymentPostprocessing = 0;
		};
/* End PBXResourcesBuildPhase section */

/* Begin PBXSourcesBuildPhase section */
		E067FB0825003F3400506E92 /* Sources */ = {
			isa = PBXSourcesBuildPhase;
			buildActionMask = 2147483647;
			files = (
				E067FB1425003F3400506E92 /* ViewController.swift in Sources */,
				E06E64342501693E009310D3 /* File.swift in Sources */,
				E06E64302501673F009310D3 /* FilmTableViewCell.swift in Sources */,
				E067FB1025003F3400506E92 /* AppDelegate.swift in Sources */,
				E067FB1225003F3400506E92 /* SceneDelegate.swift in Sources */,
				E06E6432250168DB009310D3 /* FilmTableViewController.swift in Sources */,
			);
			runOnlyForDeploymentPostprocessing = 0;
		};
/* End PBXSourcesBuildPhase section */

/* Begin PBXVariantGroup section */
		E067FB1525003F3400506E92 /* Main.storyboard */ = {
			isa = PBXVariantGroup;
			children = (
				E067FB1625003F3400506E92 /* Base */,
			);
			name = Main.storyboard;
			sourceTree = "<group>";
		};
		E067FB1A25003F3500506E92 /* LaunchScreen.storyboard */ = {
			isa = PBXVariantGroup;
			children = (
				E067FB1B25003F3500506E92 /* Base */,
			);
			name = LaunchScreen.storyboard;
			sourceTree = "<group>";
		};
/* End PBXVariantGroup section */

/* Begin XCBuildConfiguration section */
		E067FB1E25003F3500506E92 /* Debug */ = {
			isa = XCBuildConfiguration;
			buildSettings = {
				ALWAYS_SEARCH_USER_PATHS = NO;
				CLANG_ANALYZER_NONNULL = YES;
				CLANG_ANALYZER_NUMBER_OBJECT_CONVERSION = YES_AGGRESSIVE;
				CLANG_CXX_LANGUAGE_STANDARD = "gnu++14";
				CLANG_CXX_LIBRARY = "libc++";
				CLANG_ENABLE_MODULES = YES;
				CLANG_ENABLE_OBJC_ARC = YES;
				CLANG_ENABLE_OBJC_WEAK = YES;
				CLANG_WARN_BLOCK_CAPTURE_AUTORELEASING = YES;
				CLANG_WARN_BOOL_CONVERSION = YES;
				CLANG_WARN_COMMA = YES;
				CLANG_WARN_CONSTANT_CONVERSION = YES;
				CLANG_WARN_DEPRECATED_OBJC_IMPLEMENTATIONS = YES;
				CLANG_WARN_DIRECT_OBJC_ISA_USAGE = YES_ERROR;
				CLANG_WARN_DOCUMENTATION_COMMENTS = YES;
				CLANG_WARN_EMPTY_BODY = YES;
				CLANG_WARN_ENUM_CONVERSION = YES;
				CLANG_WARN_INFINITE_RECURSION = YES;
				CLANG_WARN_INT_CONVERSION = YES;
				CLANG_WARN_NON_LITERAL_NULL_CONVERSION = YES;
				CLANG_WARN_OBJC_IMPLICIT_RETAIN_SELF = YES;
				CLANG_WARN_OBJC_LITERAL_CONVERSION = YES;
				CLANG_WARN_OBJC_ROOT_CLASS = YES_ERROR;
				CLANG_WARN_QUOTED_INCLUDE_IN_FRAMEWORK_HEADER = YES;
				CLANG_WARN_RANGE_LOOP_ANALYSIS = YES;
				CLANG_WARN_STRICT_PROTOTYPES = YES;
				CLANG_WARN_SUSPICIOUS_MOVE = YES;
				CLANG_WARN_UNGUARDED_AVAILABILITY = YES_AGGRESSIVE;
				CLANG_WARN_UNREACHABLE_CODE = YES;
				CLANG_WARN__DUPLICATE_METHOD_MATCH = YES;
				COPY_PHASE_STRIP = NO;
				DEBUG_INFORMATION_FORMAT = dwarf;
				ENABLE_STRICT_OBJC_MSGSEND = YES;
				ENABLE_TESTABILITY = YES;
				GCC_C_LANGUAGE_STANDARD = gnu11;
				GCC_DYNAMIC_NO_PIC = NO;
				GCC_NO_COMMON_BLOCKS = YES;
				GCC_OPTIMIZATION_LEVEL = 0;
				GCC_PREPROCESSOR_DEFINITIONS = (
					"DEBUG=1",
					"$(inherited)",
				);
				GCC_WARN_64_TO_32_BIT_CONVERSION = YES;
				GCC_WARN_ABOUT_RETURN_TYPE = YES_ERROR;
				GCC_WARN_UNDECLARED_SELECTOR = YES;
				GCC_WARN_UNINITIALIZED_AUTOS = YES_AGGRESSIVE;
				GCC_WARN_UNUSED_FUNCTION = YES;
				GCC_WARN_UNUSED_VARIABLE = YES;
				IPHONEOS_DEPLOYMENT_TARGET = 13.6;
				MTL_ENABLE_DEBUG_INFO = INCLUDE_SOURCE;
				MTL_FAST_MATH = YES;
				ONLY_ACTIVE_ARCH = YES;
				SDKROOT = iphoneos;
				SWIFT_ACTIVE_COMPILATION_CONDITIONS = DEBUG;
				SWIFT_OPTIMIZATION_LEVEL = "-Onone";
			};
			name = Debug;
		};
		E067FB1F25003F3500506E92 /* Release */ = {
			isa = XCBuildConfiguration;
			buildSettings = {
				ALWAYS_SEARCH_USER_PATHS = NO;
				CLANG_ANALYZER_NONNULL = YES;
				CLANG_ANALYZER_NUMBER_OBJECT_CONVERSION = YES_AGGRESSIVE;
				CLANG_CXX_LANGUAGE_STANDARD = "gnu++14";
				CLANG_CXX_LIBRARY = "libc++";
				CLANG_ENABLE_MODULES = YES;
				CLANG_ENABLE_OBJC_ARC = YES;
				CLANG_ENABLE_OBJC_WEAK = YES;
				CLANG_WARN_BLOCK_CAPTURE_AUTORELEASING = YES;
				CLANG_WARN_BOOL_CONVERSION = YES;
				CLANG_WARN_COMMA = YES;
				CLANG_WARN_CONSTANT_CONVERSION = YES;
				CLANG_WARN_DEPRECATED_OBJC_IMPLEMENTATIONS = YES;
				CLANG_WARN_DIRECT_OBJC_ISA_USAGE = YES_ERROR;
				CLANG_WARN_DOCUMENTATION_COMMENTS = YES;
				CLANG_WARN_EMPTY_BODY = YES;
				CLANG_WARN_ENUM_CONVERSION = YES;
				CLANG_WARN_INFINITE_RECURSION = YES;
				CLANG_WARN_INT_CONVERSION = YES;
				CLANG_WARN_NON_LITERAL_NULL_CONVERSION = YES;
				CLANG_WARN_OBJC_IMPLICIT_RETAIN_SELF = YES;
				CLANG_WARN_OBJC_LITERAL_CONVERSION = YES;
				CLANG_WARN_OBJC_ROOT_CLASS = YES_ERROR;
				CLANG_WARN_QUOTED_INCLUDE_IN_FRAMEWORK_HEADER = YES;
				CLANG_WARN_RANGE_LOOP_ANALYSIS = YES;
				CLANG_WARN_STRICT_PROTOTYPES = YES;
				CLANG_WARN_SUSPICIOUS_MOVE = YES;
				CLANG_WARN_UNGUARDED_AVAILABILITY = YES_AGGRESSIVE;
				CLANG_WARN_UNREACHABLE_CODE = YES;
				CLANG_WARN__DUPLICATE_METHOD_MATCH = YES;
				COPY_PHASE_STRIP = NO;
				DEBUG_INFORMATION_FORMAT = "dwarf-with-dsym";
				ENABLE_NS_ASSERTIONS = NO;
				ENABLE_STRICT_OBJC_MSGSEND = YES;
				GCC_C_LANGUAGE_STANDARD = gnu11;
				GCC_NO_COMMON_BLOCKS = YES;
				GCC_WARN_64_TO_32_BIT_CONVERSION = YES;
				GCC_WARN_ABOUT_RETURN_TYPE = YES_ERROR;
				GCC_WARN_UNDECLARED_SELECTOR = YES;
				GCC_WARN_UNINITIALIZED_AUTOS = YES_AGGRESSIVE;
				GCC_WARN_UNUSED_FUNCTION = YES;
				GCC_WARN_UNUSED_VARIABLE = YES;
				IPHONEOS_DEPLOYMENT_TARGET = 13.6;
				MTL_ENABLE_DEBUG_INFO = NO;
				MTL_FAST_MATH = YES;
				SDKROOT = iphoneos;
				SWIFT_COMPILATION_MODE = wholemodule;
				SWIFT_OPTIMIZATION_LEVEL = "-O";
				VALIDATE_PRODUCT = YES;
			};
			name = Release;
		};
		E067FB2125003F3500506E92 /* Debug */ = {
			isa = XCBuildConfiguration;
			buildSettings = {
				ASSETCATALOG_COMPILER_APPICON_NAME = AppIcon;
				CODE_SIGN_STYLE = Automatic;
				INFOPLIST_FILE = 9.2/Info.plist;
				LD_RUNPATH_SEARCH_PATHS = (
					"$(inherited)",
					"@executable_path/Frameworks",
				);
				PRODUCT_BUNDLE_IDENTIFIER = "EM.--2";
				PRODUCT_NAME = "$(TARGET_NAME)";
				SWIFT_VERSION = 5.0;
				TARGETED_DEVICE_FAMILY = "1,2";
			};
			name = Debug;
		};
		E067FB2225003F3500506E92 /* Release */ = {
			isa = XCBuildConfiguration;
			buildSettings = {
				ASSETCATALOG_COMPILER_APPICON_NAME = AppIcon;
				CODE_SIGN_STYLE = Automatic;
				INFOPLIST_FILE = 9.2/Info.plist;
				LD_RUNPATH_SEARCH_PATHS = (
					"$(inherited)",
					"@executable_path/Frameworks",
				);
				PRODUCT_BUNDLE_IDENTIFIER = "EM.--2";
				PRODUCT_NAME = "$(TARGET_NAME)";
				SWIFT_VERSION = 5.0;
				TARGETED_DEVICE_FAMILY = "1,2";
			};
			name = Release;
		};
/* End XCBuildConfiguration section */

/* Begin XCConfigurationList section */
		E067FB0725003F3400506E92 /* Build configuration list for PBXProject "9.2" */ = {
			isa = XCConfigurationList;
			buildConfigurations = (
				E067FB1E25003F3500506E92 /* Debug */,
				E067FB1F25003F3500506E92 /* Release */,
			);
			defaultConfigurationIsVisible = 0;
			defaultConfigurationName = Release;
		};
		E067FB2025003F3500506E92 /* Build configuration list for PBXNativeTarget "9.2" */ = {
			isa = XCConfigurationList;
			buildConfigurations = (
				E067FB2125003F3500506E92 /* Debug */,
				E067FB2225003F3500506E92 /* Release */,
			);
			defaultConfigurationIsVisible = 0;
			defaultConfigurationName = Release;
		};
/* End XCConfigurationList section */
	};
	rootObject = E067FB0425003F3400506E92 /* Project object */;
}
